
Microsoft Visual Studio Solution File, Format Version 12.00
# Visual Studio 2012
Project("{FAE04EC0-301F-11D3-BF4B-00C04F79EFBC}") = "uMadeEasy", "uMadeEasy\uMadeEasy.csproj", "{66FF2422-9A80-4074-98DF-8D1DB2FA19AD}"
EndProject
Project("{FAE04EC0-301F-11D3-BF4B-00C04F79EFBC}") = "uMadeEasy.Core", "uMadeEasy.Core\uMadeEasy.Core.csproj", "{9BF8A2AC-22C4-4BFA-9116-ED2EFA1D2B77}"
EndProject
Project("{FAE04EC0-301F-11D3-BF4B-00C04F79EFBC}") = "uMadeEasy.Actions", "uMadeEasy.Actions\uMadeEasy.Actions.csproj", "{84C7A439-7984-4D00-B779-06DF1D264728}"
EndProject
Global
	GlobalSection(SolutionConfigurationPlatforms) = preSolution
		Debug|Any CPU = Debug|Any CPU
		Release|Any CPU = Release|Any CPU
	EndGlobalSection
	GlobalSection(ProjectConfigurationPlatforms) = postSolution
		{66FF2422-9A80-4074-98DF-8D1DB2FA19AD}.Debug|Any CPU.ActiveCfg = Debug|Any CPU
		{66FF2422-9A80-4074-98DF-8D1DB2FA19AD}.Debug|Any CPU.Build.0 = Debug|Any CPU
		{66FF2422-9A80-4074-98DF-8D1DB2FA19AD}.Release|Any CPU.ActiveCfg = Release|Any CPU
		{66FF2422-9A80-4074-98DF-8D1DB2FA19AD}.Release|Any CPU.Build.0 = Release|Any CPU
		{9BF8A2AC-22C4-4BFA-9116-ED2EFA1D2B77}.Debug|Any CPU.ActiveCfg = Debug|Any CPU
		{9BF8A2AC-22C4-4BFA-9116-ED2EFA1D2B77}.Debug|Any CPU.Build.0 = Debug|Any CPU
		{9BF8A2AC-22C4-4BFA-9116-ED2EFA1D2B77}.Release|Any CPU.ActiveCfg = Release|Any CPU
		{9BF8A2AC-22C4-4BFA-9116-ED2EFA1D2B77}.Release|Any CPU.Build.0 = Release|Any CPU
		{84C7A439-7984-4D00-B779-06DF1D264728}.Debug|Any CPU.ActiveCfg = Debug|Any CPU
		{84C7A439-7984-4D00-B779-06DF1D264728}.Debug|Any CPU.Build.0 = Debug|Any CPU
		{84C7A439-7984-4D00-B779-06DF1D264728}.Release|Any CPU.ActiveCfg = Release|Any CPU
		{84C7A439-7984-4D00-B779-06DF1D264728}.Release|Any CPU.Build.0 = Release|Any CPU
	EndGlobalSection
	GlobalSection(SolutionProperties) = preSolution
		HideSolutionNode = FALSE
	EndGlobalSection
EndGlobal
