
Microsoft Visual Studio Solution File, Format Version 12.00
# Visual Studio 2012
Project("{FAE04EC0-301F-11D3-BF4B-00C04F79EFBC}") = "uMadeEasy.Core", "uMadeEasy.Core\uMadeEasy.Core.csproj", "{9BF8A2AC-22C4-4BFA-9116-ED2EFA1D2B77}"
EndProject
Project("{FAE04EC0-301F-11D3-BF4B-00C04F79EFBC}") = "uMadeEasy.Actions", "uMadeEasy.Actions\uMadeEasy.Actions.csproj", "{84C7A439-7984-4D00-B779-06DF1D264728}"
EndProject
Project("{2150E333-8FDC-42A3-9474-1A3956D46DE8}") = "Core", "Core", "{1071BBAD-4CDE-4CE1-A207-4DCAC8C2EF51}"
EndProject
Project("{2150E333-8FDC-42A3-9474-1A3956D46DE8}") = "Executables", "Executables", "{BC7AB339-9ECA-4DAF-AF26-414386EED537}"
EndProject
Project("{FAE04EC0-301F-11D3-BF4B-00C04F79EFBC}") = "uMadeEasy.ProjectGenerator", "uMadeEasy.ProjectGenerator\uMadeEasy.ProjectGenerator.csproj", "{A085A323-F593-48DC-AE12-C5DC23884493}"
EndProject
Project("{2150E333-8FDC-42A3-9474-1A3956D46DE8}") = "Actions", "Actions", "{4BCF07AB-9FAC-4A8A-9825-F48E5554AD43}"
EndProject
Global
	GlobalSection(SolutionConfigurationPlatforms) = preSolution
		Debug|Any CPU = Debug|Any CPU
		Release|Any CPU = Release|Any CPU
	EndGlobalSection
	GlobalSection(ProjectConfigurationPlatforms) = postSolution
		{9BF8A2AC-22C4-4BFA-9116-ED2EFA1D2B77}.Debug|Any CPU.ActiveCfg = Debug|Any CPU
		{9BF8A2AC-22C4-4BFA-9116-ED2EFA1D2B77}.Debug|Any CPU.Build.0 = Debug|Any CPU
		{9BF8A2AC-22C4-4BFA-9116-ED2EFA1D2B77}.Release|Any CPU.ActiveCfg = Release|Any CPU
		{9BF8A2AC-22C4-4BFA-9116-ED2EFA1D2B77}.Release|Any CPU.Build.0 = Release|Any CPU
		{84C7A439-7984-4D00-B779-06DF1D264728}.Debug|Any CPU.ActiveCfg = Debug|Any CPU
		{84C7A439-7984-4D00-B779-06DF1D264728}.Debug|Any CPU.Build.0 = Debug|Any CPU
		{84C7A439-7984-4D00-B779-06DF1D264728}.Release|Any CPU.ActiveCfg = Release|Any CPU
		{84C7A439-7984-4D00-B779-06DF1D264728}.Release|Any CPU.Build.0 = Release|Any CPU
		{A085A323-F593-48DC-AE12-C5DC23884493}.Debug|Any CPU.ActiveCfg = Debug|Any CPU
		{A085A323-F593-48DC-AE12-C5DC23884493}.Debug|Any CPU.Build.0 = Debug|Any CPU
		{A085A323-F593-48DC-AE12-C5DC23884493}.Release|Any CPU.ActiveCfg = Release|Any CPU
		{A085A323-F593-48DC-AE12-C5DC23884493}.Release|Any CPU.Build.0 = Release|Any CPU
	EndGlobalSection
	GlobalSection(SolutionProperties) = preSolution
		HideSolutionNode = FALSE
	EndGlobalSection
	GlobalSection(NestedProjects) = preSolution
		{9BF8A2AC-22C4-4BFA-9116-ED2EFA1D2B77} = {1071BBAD-4CDE-4CE1-A207-4DCAC8C2EF51}
		{84C7A439-7984-4D00-B779-06DF1D264728} = {4BCF07AB-9FAC-4A8A-9825-F48E5554AD43}
		{A085A323-F593-48DC-AE12-C5DC23884493} = {BC7AB339-9ECA-4DAF-AF26-414386EED537}
	EndGlobalSection
EndGlobal
